
Microsoft Visual Studio Solution File, Format Version 12.00
# Visual Studio Version 16
VisualStudioVersion = 16.0.31702.278
MinimumVisualStudioVersion = 10.0.40219.1
Project("{FAE04EC0-301F-11D3-BF4B-00C04F79EFBC}") = "DRS.UI", "DRS.UI\DRS.UI.csproj", "{BE2EF2FA-8524-45F2-A1D0-B0346C854688}"
EndProject
Project("{FAE04EC0-301F-11D3-BF4B-00C04F79EFBC}") = "DRSModels", "DRSModel\DRSModels.csproj", "{47BFD510-1B3C-4327-98DC-CEEC3E7E961C}"
EndProject
Global
	GlobalSection(SolutionConfigurationPlatforms) = preSolution
		Debug|Any CPU = Debug|Any CPU
		Release|Any CPU = Release|Any CPU
	EndGlobalSection
	GlobalSection(ProjectConfigurationPlatforms) = postSolution
		{BE2EF2FA-8524-45F2-A1D0-B0346C854688}.Debug|Any CPU.ActiveCfg = Debug|Any CPU
		{BE2EF2FA-8524-45F2-A1D0-B0346C854688}.Debug|Any CPU.Build.0 = Debug|Any CPU
		{BE2EF2FA-8524-45F2-A1D0-B0346C854688}.Release|Any CPU.ActiveCfg = Release|Any CPU
		{BE2EF2FA-8524-45F2-A1D0-B0346C854688}.Release|Any CPU.Build.0 = Release|Any CPU
		{47BFD510-1B3C-4327-98DC-CEEC3E7E961C}.Debug|Any CPU.ActiveCfg = Debug|Any CPU
		{47BFD510-1B3C-4327-98DC-CEEC3E7E961C}.Debug|Any CPU.Build.0 = Debug|Any CPU
		{47BFD510-1B3C-4327-98DC-CEEC3E7E961C}.Release|Any CPU.ActiveCfg = Release|Any CPU
		{47BFD510-1B3C-4327-98DC-CEEC3E7E961C}.Release|Any CPU.Build.0 = Release|Any CPU
	EndGlobalSection
	GlobalSection(SolutionProperties) = preSolution
		HideSolutionNode = FALSE
	EndGlobalSection
	GlobalSection(ExtensibilityGlobals) = postSolution
		SolutionGuid = {FF1E0B1F-ADB5-4FEB-9E06-8AFDBBCBB657}
	EndGlobalSection
EndGlobal
